PODS:
  - blue_thermal_printer (0.0.1):
    - FlutterMacOS
  - FlutterMacOS (1.0.0)

DEPENDENCIES:
  - blue_thermal_printer (from `Flutter/ephemeral/.symlinks/plugins/blue_thermal_printer/macos`)
  - FlutterMacOS (from `Flutter/ephemeral`)

EXTERNAL SOURCES:
  blue_thermal_printer:
    :path: Flutter/ephemeral/.symlinks/plugins/blue_thermal_printer/macos
  FlutterMacOS:
    :path: Flutter/ephemeral

SPEC CHECKSUMS:
  blue_thermal_printer: 74a7de823607346bfc38c05e171a2925edfd1c4a
  FlutterMacOS: 8f6f14fa908a6fb3fba0cd85dbd81ec4b251fb24

PODFILE CHECKSUM: 236401fc2c932af29a9fcf0e97baeeb2d750d367

COCOAPODS: 1.15.2
